<?xml version="1.0" encoding="utf-8"?>
<Project ToolsVersion="4.0" xmlns="http://schemas.microsoft.com/developer/msbuild/2003">
  <ItemGroup>
    <Filter Include="src">
      <UniqueIdentifier>{0f63ef4a-0052-4590-ad54-da711537ae2f}</UniqueIdentifier>
    </Filter>
    <Filter Include="inc">
      <UniqueIdentifier>{9dbc4fd6-3fbe-40ba-ab21-4cba5635c67f}</UniqueIdentifier>
    </Filter>
  </ItemGroup>
  <ItemGroup>
    <ClCompile Include="main.cpp">
      <Filter>src</Filter>
    </ClCompile>
    <ClCompile Include="ParticulesManager.cpp">
      <Filter>src</Filter>
    </ClCompile>
    <ClCompile Include="Particle.cpp">
      <Filter>src</Filter>
    </ClCompile>
    <ClCompile Include="Spawner.cpp">
      <Filter>src</Filter>
    </ClCompile>
  </ItemGroup>
  <ItemGroup>
    <ClInclude Include="ParticlesManager.hpp">
      <Filter>inc</Filter>
    </ClInclude>
    <ClInclude Include="Particle.hpp">
      <Filter>inc</Filter>
    </ClInclude>
    <ClInclude Include="Spawner.hpp">
      <Filter>inc</Filter>
    </ClInclude>
  </ItemGroup>
</Project>